
Microsoft Visual Studio Solution File, Format Version 12.00
# Visual Studio 15
VisualStudioVersion = 15.0.27703.2018
MinimumVisualStudioVersion = 10.0.40219.1
Project("{2150E333-8FDC-42A3-9474-1A3956D46DE8}") = "WorkService", "WorkService", "{227390B4-2C6D-4BFE-94FC-A3C742ABD7FC}"
EndProject
Project("{9A19103F-16F7-4668-BE54-9A1E7A4F7556}") = "WorkService.Console", "WorkService\WorkService.Console\WorkService.Console.csproj", "{1DADF8F6-D2E7-4AF1-85CE-3176D6379EDF}"
EndProject
Project("{FAE04EC0-301F-11D3-BF4B-00C04F79EFBC}") = "WorkService.Desktop", "WorkService\WorkService.Desktop\WorkService.Desktop.csproj", "{B861A477-5F83-4DB3-8C91-49322035D3FD}"
EndProject
Project("{9A19103F-16F7-4668-BE54-9A1E7A4F7556}") = "Worker.Crawler", "WorkService\Worker.Crawler\Worker.Crawler.csproj", "{DDC55467-8269-4FCF-85B8-33CDFA561770}"
EndProject
Project("{9A19103F-16F7-4668-BE54-9A1E7A4F7556}") = "Worker.Scraper", "WorkService\Worker.Scraper\Worker.Scraper.csproj", "{115155E6-9884-466A-B56A-BBBF79943DA4}"
EndProject
Project("{9A19103F-16F7-4668-BE54-9A1E7A4F7556}") = "Worker.TFImageModel", "WorkService\Worker.TFImageModel\Worker.TFImageModel.csproj", "{B3AEE846-7825-44A7-A851-D8DC9F91F7EF}"
EndProject
Project("{9A19103F-16F7-4668-BE54-9A1E7A4F7556}") = "Worker.Fetcher", "WorkService\Worker.Fetcher\Worker.Fetcher.csproj", "{5A6A2CB2-CDBC-4916-ACE3-2F543661E3EF}"
EndProject
Project("{9A19103F-16F7-4668-BE54-9A1E7A4F7556}") = "Worker.WorkQueue", "WorkService\Worker.WorkQueue\Worker.WorkQueue.csproj", "{52F603B2-E5CF-422F-8488-8666EBD364E1}"
EndProject
Project("{2150E333-8FDC-42A3-9474-1A3956D46DE8}") = "WebSites", "WebSites", "{5E354381-CE6C-4E85-AEFC-8AA4324EACB1}"
	ProjectSection(SolutionItems) = preProject
		WebSites\config-example.php = WebSites\config-example.php
		WebSites\dbadm = WebSites\dbadm
	EndProjectSection
EndProject
Project("{2150E333-8FDC-42A3-9474-1A3956D46DE8}") = "Api", "Api", "{23D7237B-1811-42A9-995D-E703B918D438}"
	ProjectSection(SolutionItems) = preProject
		WebSites\api\index.php = WebSites\api\index.php
	EndProjectSection
EndProject
Project("{2150E333-8FDC-42A3-9474-1A3956D46DE8}") = "Setup", "Setup", "{F5743E6C-37D7-48BB-8A71-D8B1C0CA60E8}"
EndProject
Project("{2150E333-8FDC-42A3-9474-1A3956D46DE8}") = "DB Scripts", "DB Scripts", "{1D8547A8-5D89-425E-BBFB-8124B36F7937}"
	ProjectSection(SolutionItems) = preProject
		Setup\DB Scripts\DB-Structure.sql = Setup\DB Scripts\DB-Structure.sql
	EndProjectSection
EndProject
Project("{2150E333-8FDC-42A3-9474-1A3956D46DE8}") = "Frontend", "Frontend", "{5B9AA81C-149A-4E2B-BD06-419C1C659120}"
	ProjectSection(SolutionItems) = preProject
		WebSites\frontend\index.php = WebSites\frontend\index.php
	EndProjectSection
EndProject
Project("{2150E333-8FDC-42A3-9474-1A3956D46DE8}") = "Backend", "Backend", "{70027DCB-660E-49DA-9A11-8A303E8DD11D}"
	ProjectSection(SolutionItems) = preProject
		WebSites\backend\ajax.php = WebSites\backend\ajax.php
		WebSites\backend\index.html = WebSites\backend\index.html
	EndProjectSection
EndProject
Project("{2150E333-8FDC-42A3-9474-1A3956D46DE8}") = "css", "css", "{F760D727-44B6-4F69-B33B-099C80B9A806}"
	ProjectSection(SolutionItems) = preProject
		WebSites\backend\css\backend.css = WebSites\backend\css\backend.css
	EndProjectSection
EndProject
Project("{2150E333-8FDC-42A3-9474-1A3956D46DE8}") = "js", "js", "{2D69DF4A-22C8-47A9-BDCB-57E933135483}"
	ProjectSection(SolutionItems) = preProject
		WebSites\backend\js\backend.js = WebSites\backend\js\backend.js
		WebSites\backend\js\pageAbout.js = WebSites\backend\js\pageAbout.js
		WebSites\backend\js\pageApiTest.js = WebSites\backend\js\pageApiTest.js
		WebSites\backend\js\pageCustomer.js = WebSites\backend\js\pageCustomer.js
		WebSites\backend\js\pageHome.js = WebSites\backend\js\pageHome.js
		WebSites\backend\js\pageProjects.js = WebSites\backend\js\pageProjects.js
		WebSites\backend\js\pageTestDataSets.js = WebSites\backend\js\pageTestDataSets.js
		WebSites\backend\js\pageTests.js = WebSites\backend\js\pageTests.js
	EndProjectSection
EndProject
Project("{2150E333-8FDC-42A3-9474-1A3956D46DE8}") = "css", "css", "{FAD86754-23E7-4BC6-9C69-27D48F47BA0F}"
	ProjectSection(SolutionItems) = preProject
		WebSites\frontend\css\frontend.css = WebSites\frontend\css\frontend.css
	EndProjectSection
EndProject
Project("{2150E333-8FDC-42A3-9474-1A3956D46DE8}") = "js", "js", "{812C33C0-6E70-4E10-8D28-E5D75803A992}"
	ProjectSection(SolutionItems) = preProject
		WebSites\frontend\js\frontend.js = WebSites\frontend\js\frontend.js
	EndProjectSection
EndProject
Project("{2150E333-8FDC-42A3-9474-1A3956D46DE8}") = "Tensorflow", "Tensorflow", "{0848500B-0527-4710-9399-806A94A81639}"
EndProject
Project("{888888A0-9F3D-457C-B088-3A5042F75D52}") = "ModelCreator", "Tensorflow\ModelCreator\ModelCreator.pyproj", "{25ACFB6A-D6EE-4FB1-873E-A9E40701EF1A}"
EndProject
Project("{888888A0-9F3D-457C-B088-3A5042F75D52}") = "ImageClassifier", "Tensorflow\ImageClassifier\ImageClassifier.pyproj", "{B6852872-8A75-4072-BA39-0D7457533304}"
EndProject
Project("{888888A0-9F3D-457C-B088-3A5042F75D52}") = "ImageModifer", "Tensorflow\ImageModifer\ImageModifer.pyproj", "{D09242FF-0B3B-4DC8-A05A-98376F2BAAF6}"
EndProject
Project("{2150E333-8FDC-42A3-9474-1A3956D46DE8}") = "classes", "classes", "{C10D64C3-CCE2-4342-B85E-FBFB0C5ACF18}"
EndProject
Project("{2150E333-8FDC-42A3-9474-1A3956D46DE8}") = "ctrlLayer", "ctrlLayer", "{050482BA-F4AC-4452-97B4-E608872309C3}"
	ProjectSection(SolutionItems) = preProject
		WebSites\classes\ctrlLayer\customerCtrl.php = WebSites\classes\ctrlLayer\customerCtrl.php
		WebSites\classes\ctrlLayer\modelCtrl.php = WebSites\classes\ctrlLayer\modelCtrl.php
		WebSites\classes\ctrlLayer\projectCtrl.php = WebSites\classes\ctrlLayer\projectCtrl.php
	EndProjectSection
EndProject
Project("{2150E333-8FDC-42A3-9474-1A3956D46DE8}") = "dbLayer", "dbLayer", "{77D1700B-2A7C-463A-A1D1-FBF1118C30ED}"
	ProjectSection(SolutionItems) = preProject
		WebSites\classes\dbLayer\customerDB.php = WebSites\classes\dbLayer\customerDB.php
		WebSites\classes\dbLayer\imageDB.php = WebSites\classes\dbLayer\imageDB.php
		WebSites\classes\dbLayer\modelDB.php = WebSites\classes\dbLayer\modelDB.php
		WebSites\classes\dbLayer\projectDB.php = WebSites\classes\dbLayer\projectDB.php
	EndProjectSection
EndProject
Project("{2150E333-8FDC-42A3-9474-1A3956D46DE8}") = "modelLayer", "modelLayer", "{EA5EDE8B-0E34-4146-96E0-C393180CB559}"
	ProjectSection(SolutionItems) = preProject
		WebSites\classes\modelLayer\customer.php = WebSites\classes\modelLayer\customer.php
		WebSites\classes\modelLayer\error.php = WebSites\classes\modelLayer\error.php
		WebSites\classes\modelLayer\image.php = WebSites\classes\modelLayer\image.php
		WebSites\classes\modelLayer\model.php = WebSites\classes\modelLayer\model.php
		WebSites\classes\modelLayer\project.php = WebSites\classes\modelLayer\project.php
		WebSites\classes\modelLayer\projectStructure.php = WebSites\classes\modelLayer\projectStructure.php
	EndProjectSection
EndProject
Global
	GlobalSection(SolutionConfigurationPlatforms) = preSolution
		Debug|Any CPU = Debug|Any CPU
		Release|Any CPU = Release|Any CPU
	EndGlobalSection
	GlobalSection(ProjectConfigurationPlatforms) = postSolution
		{1DADF8F6-D2E7-4AF1-85CE-3176D6379EDF}.Debug|Any CPU.ActiveCfg = Debug|Any CPU
		{1DADF8F6-D2E7-4AF1-85CE-3176D6379EDF}.Debug|Any CPU.Build.0 = Debug|Any CPU
		{1DADF8F6-D2E7-4AF1-85CE-3176D6379EDF}.Release|Any CPU.ActiveCfg = Release|Any CPU
		{1DADF8F6-D2E7-4AF1-85CE-3176D6379EDF}.Release|Any CPU.Build.0 = Release|Any CPU
		{B861A477-5F83-4DB3-8C91-49322035D3FD}.Debug|Any CPU.ActiveCfg = Debug|Any CPU
		{B861A477-5F83-4DB3-8C91-49322035D3FD}.Debug|Any CPU.Build.0 = Debug|Any CPU
		{B861A477-5F83-4DB3-8C91-49322035D3FD}.Release|Any CPU.ActiveCfg = Release|Any CPU
		{B861A477-5F83-4DB3-8C91-49322035D3FD}.Release|Any CPU.Build.0 = Release|Any CPU
		{DDC55467-8269-4FCF-85B8-33CDFA561770}.Debug|Any CPU.ActiveCfg = Debug|Any CPU
		{DDC55467-8269-4FCF-85B8-33CDFA561770}.Debug|Any CPU.Build.0 = Debug|Any CPU
		{DDC55467-8269-4FCF-85B8-33CDFA561770}.Release|Any CPU.ActiveCfg = Release|Any CPU
		{DDC55467-8269-4FCF-85B8-33CDFA561770}.Release|Any CPU.Build.0 = Release|Any CPU
		{115155E6-9884-466A-B56A-BBBF79943DA4}.Debug|Any CPU.ActiveCfg = Debug|Any CPU
		{115155E6-9884-466A-B56A-BBBF79943DA4}.Debug|Any CPU.Build.0 = Debug|Any CPU
		{115155E6-9884-466A-B56A-BBBF79943DA4}.Release|Any CPU.ActiveCfg = Release|Any CPU
		{115155E6-9884-466A-B56A-BBBF79943DA4}.Release|Any CPU.Build.0 = Release|Any CPU
		{B3AEE846-7825-44A7-A851-D8DC9F91F7EF}.Debug|Any CPU.ActiveCfg = Debug|Any CPU
		{B3AEE846-7825-44A7-A851-D8DC9F91F7EF}.Debug|Any CPU.Build.0 = Debug|Any CPU
		{B3AEE846-7825-44A7-A851-D8DC9F91F7EF}.Release|Any CPU.ActiveCfg = Release|Any CPU
		{B3AEE846-7825-44A7-A851-D8DC9F91F7EF}.Release|Any CPU.Build.0 = Release|Any CPU
		{5A6A2CB2-CDBC-4916-ACE3-2F543661E3EF}.Debug|Any CPU.ActiveCfg = Debug|Any CPU
		{5A6A2CB2-CDBC-4916-ACE3-2F543661E3EF}.Debug|Any CPU.Build.0 = Debug|Any CPU
		{5A6A2CB2-CDBC-4916-ACE3-2F543661E3EF}.Release|Any CPU.ActiveCfg = Release|Any CPU
		{5A6A2CB2-CDBC-4916-ACE3-2F543661E3EF}.Release|Any CPU.Build.0 = Release|Any CPU
		{52F603B2-E5CF-422F-8488-8666EBD364E1}.Debug|Any CPU.ActiveCfg = Debug|Any CPU
		{52F603B2-E5CF-422F-8488-8666EBD364E1}.Debug|Any CPU.Build.0 = Debug|Any CPU
		{52F603B2-E5CF-422F-8488-8666EBD364E1}.Release|Any CPU.ActiveCfg = Release|Any CPU
		{52F603B2-E5CF-422F-8488-8666EBD364E1}.Release|Any CPU.Build.0 = Release|Any CPU
		{25ACFB6A-D6EE-4FB1-873E-A9E40701EF1A}.Debug|Any CPU.ActiveCfg = Debug|Any CPU
		{25ACFB6A-D6EE-4FB1-873E-A9E40701EF1A}.Release|Any CPU.ActiveCfg = Release|Any CPU
		{B6852872-8A75-4072-BA39-0D7457533304}.Debug|Any CPU.ActiveCfg = Debug|Any CPU
		{B6852872-8A75-4072-BA39-0D7457533304}.Release|Any CPU.ActiveCfg = Release|Any CPU
		{D09242FF-0B3B-4DC8-A05A-98376F2BAAF6}.Debug|Any CPU.ActiveCfg = Debug|Any CPU
		{D09242FF-0B3B-4DC8-A05A-98376F2BAAF6}.Release|Any CPU.ActiveCfg = Release|Any CPU
	EndGlobalSection
	GlobalSection(SolutionProperties) = preSolution
		HideSolutionNode = FALSE
	EndGlobalSection
	GlobalSection(NestedProjects) = preSolution
		{1DADF8F6-D2E7-4AF1-85CE-3176D6379EDF} = {227390B4-2C6D-4BFE-94FC-A3C742ABD7FC}
		{B861A477-5F83-4DB3-8C91-49322035D3FD} = {227390B4-2C6D-4BFE-94FC-A3C742ABD7FC}
		{DDC55467-8269-4FCF-85B8-33CDFA561770} = {227390B4-2C6D-4BFE-94FC-A3C742ABD7FC}
		{115155E6-9884-466A-B56A-BBBF79943DA4} = {227390B4-2C6D-4BFE-94FC-A3C742ABD7FC}
		{B3AEE846-7825-44A7-A851-D8DC9F91F7EF} = {227390B4-2C6D-4BFE-94FC-A3C742ABD7FC}
		{5A6A2CB2-CDBC-4916-ACE3-2F543661E3EF} = {227390B4-2C6D-4BFE-94FC-A3C742ABD7FC}
		{52F603B2-E5CF-422F-8488-8666EBD364E1} = {227390B4-2C6D-4BFE-94FC-A3C742ABD7FC}
		{23D7237B-1811-42A9-995D-E703B918D438} = {5E354381-CE6C-4E85-AEFC-8AA4324EACB1}
		{1D8547A8-5D89-425E-BBFB-8124B36F7937} = {F5743E6C-37D7-48BB-8A71-D8B1C0CA60E8}
		{5B9AA81C-149A-4E2B-BD06-419C1C659120} = {5E354381-CE6C-4E85-AEFC-8AA4324EACB1}
		{70027DCB-660E-49DA-9A11-8A303E8DD11D} = {5E354381-CE6C-4E85-AEFC-8AA4324EACB1}
		{F760D727-44B6-4F69-B33B-099C80B9A806} = {70027DCB-660E-49DA-9A11-8A303E8DD11D}
		{2D69DF4A-22C8-47A9-BDCB-57E933135483} = {70027DCB-660E-49DA-9A11-8A303E8DD11D}
		{FAD86754-23E7-4BC6-9C69-27D48F47BA0F} = {5B9AA81C-149A-4E2B-BD06-419C1C659120}
		{812C33C0-6E70-4E10-8D28-E5D75803A992} = {5B9AA81C-149A-4E2B-BD06-419C1C659120}
		{25ACFB6A-D6EE-4FB1-873E-A9E40701EF1A} = {0848500B-0527-4710-9399-806A94A81639}
		{B6852872-8A75-4072-BA39-0D7457533304} = {0848500B-0527-4710-9399-806A94A81639}
		{D09242FF-0B3B-4DC8-A05A-98376F2BAAF6} = {0848500B-0527-4710-9399-806A94A81639}
		{C10D64C3-CCE2-4342-B85E-FBFB0C5ACF18} = {5E354381-CE6C-4E85-AEFC-8AA4324EACB1}
		{050482BA-F4AC-4452-97B4-E608872309C3} = {C10D64C3-CCE2-4342-B85E-FBFB0C5ACF18}
		{77D1700B-2A7C-463A-A1D1-FBF1118C30ED} = {C10D64C3-CCE2-4342-B85E-FBFB0C5ACF18}
		{EA5EDE8B-0E34-4146-96E0-C393180CB559} = {C10D64C3-CCE2-4342-B85E-FBFB0C5ACF18}
	EndGlobalSection
	GlobalSection(ExtensibilityGlobals) = postSolution
		SolutionGuid = {DE771AEB-FA5E-420A-962D-9887DEB4C9F5}
	EndGlobalSection
EndGlobal
