
Microsoft Visual Studio Solution File, Format Version 12.00
# Visual Studio 15
VisualStudioVersion = 15.0.27703.2018
MinimumVisualStudioVersion = 10.0.40219.1
Project("{2150E333-8FDC-42A3-9474-1A3956D46DE8}") = "WorkService", "WorkService", "{227390B4-2C6D-4BFE-94FC-A3C742ABD7FC}"
EndProject
Project("{9A19103F-16F7-4668-BE54-9A1E7A4F7556}") = "WorkService.Console", "WorkService\WorkService.Console\WorkService.Console.csproj", "{1DADF8F6-D2E7-4AF1-85CE-3176D6379EDF}"
EndProject
Project("{FAE04EC0-301F-11D3-BF4B-00C04F79EFBC}") = "WorkService.Desktop", "WorkService\WorkService.Desktop\WorkService.Desktop.csproj", "{B861A477-5F83-4DB3-8C91-49322035D3FD}"
EndProject
Project("{FAE04EC0-301F-11D3-BF4B-00C04F79EFBC}") = "Worker.Crawler", "WorkService\Worker.Crawler\Worker.Crawler.csproj", "{DDC55467-8269-4FCF-85B8-33CDFA561770}"
EndProject
Project("{FAE04EC0-301F-11D3-BF4B-00C04F79EFBC}") = "Worker.Scraper", "WorkService\Worker.Scraper\Worker.Scraper.csproj", "{115155E6-9884-466A-B56A-BBBF79943DA4}"
EndProject
Project("{FAE04EC0-301F-11D3-BF4B-00C04F79EFBC}") = "Worker.TFImageModel", "WorkService\Worker.TFImageModel\Worker.TFImageModel.csproj", "{B3AEE846-7825-44A7-A851-D8DC9F91F7EF}"
EndProject
Project("{FAE04EC0-301F-11D3-BF4B-00C04F79EFBC}") = "Worker.Fetcher", "WorkService\Worker.Fetcher\Worker.Fetcher.csproj", "{5A6A2CB2-CDBC-4916-ACE3-2F543661E3EF}"
EndProject
Project("{FAE04EC0-301F-11D3-BF4B-00C04F79EFBC}") = "Worker.WorkQueue", "WorkService\Worker.WorkQueue\Worker.WorkQueue.csproj", "{52F603B2-E5CF-422F-8488-8666EBD364E1}"
EndProject
Project("{2150E333-8FDC-42A3-9474-1A3956D46DE8}") = "Workers", "Workers", "{DBE19710-48FB-4312-9BA5-BE3834A153A0}"
EndProject
Global
	GlobalSection(SolutionConfigurationPlatforms) = preSolution
		Debug|Any CPU = Debug|Any CPU
		Release|Any CPU = Release|Any CPU
	EndGlobalSection
	GlobalSection(ProjectConfigurationPlatforms) = postSolution
		{1DADF8F6-D2E7-4AF1-85CE-3176D6379EDF}.Debug|Any CPU.ActiveCfg = Debug|Any CPU
		{1DADF8F6-D2E7-4AF1-85CE-3176D6379EDF}.Debug|Any CPU.Build.0 = Debug|Any CPU
		{1DADF8F6-D2E7-4AF1-85CE-3176D6379EDF}.Release|Any CPU.ActiveCfg = Release|Any CPU
		{1DADF8F6-D2E7-4AF1-85CE-3176D6379EDF}.Release|Any CPU.Build.0 = Release|Any CPU
		{B861A477-5F83-4DB3-8C91-49322035D3FD}.Debug|Any CPU.ActiveCfg = Debug|Any CPU
		{B861A477-5F83-4DB3-8C91-49322035D3FD}.Debug|Any CPU.Build.0 = Debug|Any CPU
		{B861A477-5F83-4DB3-8C91-49322035D3FD}.Release|Any CPU.ActiveCfg = Release|Any CPU
		{B861A477-5F83-4DB3-8C91-49322035D3FD}.Release|Any CPU.Build.0 = Release|Any CPU
		{DDC55467-8269-4FCF-85B8-33CDFA561770}.Debug|Any CPU.ActiveCfg = Debug|Any CPU
		{DDC55467-8269-4FCF-85B8-33CDFA561770}.Debug|Any CPU.Build.0 = Debug|Any CPU
		{DDC55467-8269-4FCF-85B8-33CDFA561770}.Release|Any CPU.ActiveCfg = Release|Any CPU
		{DDC55467-8269-4FCF-85B8-33CDFA561770}.Release|Any CPU.Build.0 = Release|Any CPU
		{115155E6-9884-466A-B56A-BBBF79943DA4}.Debug|Any CPU.ActiveCfg = Debug|Any CPU
		{115155E6-9884-466A-B56A-BBBF79943DA4}.Debug|Any CPU.Build.0 = Debug|Any CPU
		{115155E6-9884-466A-B56A-BBBF79943DA4}.Release|Any CPU.ActiveCfg = Release|Any CPU
		{115155E6-9884-466A-B56A-BBBF79943DA4}.Release|Any CPU.Build.0 = Release|Any CPU
		{B3AEE846-7825-44A7-A851-D8DC9F91F7EF}.Debug|Any CPU.ActiveCfg = Debug|Any CPU
		{B3AEE846-7825-44A7-A851-D8DC9F91F7EF}.Debug|Any CPU.Build.0 = Debug|Any CPU
		{B3AEE846-7825-44A7-A851-D8DC9F91F7EF}.Release|Any CPU.ActiveCfg = Release|Any CPU
		{B3AEE846-7825-44A7-A851-D8DC9F91F7EF}.Release|Any CPU.Build.0 = Release|Any CPU
		{5A6A2CB2-CDBC-4916-ACE3-2F543661E3EF}.Debug|Any CPU.ActiveCfg = Debug|Any CPU
		{5A6A2CB2-CDBC-4916-ACE3-2F543661E3EF}.Debug|Any CPU.Build.0 = Debug|Any CPU
		{5A6A2CB2-CDBC-4916-ACE3-2F543661E3EF}.Release|Any CPU.ActiveCfg = Release|Any CPU
		{5A6A2CB2-CDBC-4916-ACE3-2F543661E3EF}.Release|Any CPU.Build.0 = Release|Any CPU
		{52F603B2-E5CF-422F-8488-8666EBD364E1}.Debug|Any CPU.ActiveCfg = Debug|Any CPU
		{52F603B2-E5CF-422F-8488-8666EBD364E1}.Debug|Any CPU.Build.0 = Debug|Any CPU
		{52F603B2-E5CF-422F-8488-8666EBD364E1}.Release|Any CPU.ActiveCfg = Release|Any CPU
		{52F603B2-E5CF-422F-8488-8666EBD364E1}.Release|Any CPU.Build.0 = Release|Any CPU
	EndGlobalSection
	GlobalSection(SolutionProperties) = preSolution
		HideSolutionNode = FALSE
	EndGlobalSection
	GlobalSection(NestedProjects) = preSolution
		{1DADF8F6-D2E7-4AF1-85CE-3176D6379EDF} = {227390B4-2C6D-4BFE-94FC-A3C742ABD7FC}
		{B861A477-5F83-4DB3-8C91-49322035D3FD} = {227390B4-2C6D-4BFE-94FC-A3C742ABD7FC}
		{DDC55467-8269-4FCF-85B8-33CDFA561770} = {DBE19710-48FB-4312-9BA5-BE3834A153A0}
		{115155E6-9884-466A-B56A-BBBF79943DA4} = {DBE19710-48FB-4312-9BA5-BE3834A153A0}
		{B3AEE846-7825-44A7-A851-D8DC9F91F7EF} = {DBE19710-48FB-4312-9BA5-BE3834A153A0}
		{5A6A2CB2-CDBC-4916-ACE3-2F543661E3EF} = {DBE19710-48FB-4312-9BA5-BE3834A153A0}
		{52F603B2-E5CF-422F-8488-8666EBD364E1} = {DBE19710-48FB-4312-9BA5-BE3834A153A0}
	EndGlobalSection
	GlobalSection(ExtensibilityGlobals) = postSolution
		SolutionGuid = {DE771AEB-FA5E-420A-962D-9887DEB4C9F5}
	EndGlobalSection
EndGlobal
