
Microsoft Visual Studio Solution File, Format Version 12.00
# Visual Studio 15
VisualStudioVersion = 15.0.27703.2018
MinimumVisualStudioVersion = 10.0.40219.1
Project("{2150E333-8FDC-42A3-9474-1A3956D46DE8}") = "WorkService", "WorkService", "{227390B4-2C6D-4BFE-94FC-A3C742ABD7FC}"
EndProject
Project("{FAE04EC0-301F-11D3-BF4B-00C04F79EFBC}") = "WorkService.Console", "WorkService\WorkService.Console\WorkService.Console.csproj", "{1DADF8F6-D2E7-4AF1-85CE-3176D6379EDF}"
EndProject
Global
	GlobalSection(SolutionConfigurationPlatforms) = preSolution
		Debug|Any CPU = Debug|Any CPU
		Release|Any CPU = Release|Any CPU
	EndGlobalSection
	GlobalSection(ProjectConfigurationPlatforms) = postSolution
		{1DADF8F6-D2E7-4AF1-85CE-3176D6379EDF}.Debug|Any CPU.ActiveCfg = Debug|Any CPU
		{1DADF8F6-D2E7-4AF1-85CE-3176D6379EDF}.Debug|Any CPU.Build.0 = Debug|Any CPU
		{1DADF8F6-D2E7-4AF1-85CE-3176D6379EDF}.Release|Any CPU.ActiveCfg = Release|Any CPU
		{1DADF8F6-D2E7-4AF1-85CE-3176D6379EDF}.Release|Any CPU.Build.0 = Release|Any CPU
	EndGlobalSection
	GlobalSection(SolutionProperties) = preSolution
		HideSolutionNode = FALSE
	EndGlobalSection
	GlobalSection(NestedProjects) = preSolution
		{1DADF8F6-D2E7-4AF1-85CE-3176D6379EDF} = {227390B4-2C6D-4BFE-94FC-A3C742ABD7FC}
	EndGlobalSection
	GlobalSection(ExtensibilityGlobals) = postSolution
		SolutionGuid = {DE771AEB-FA5E-420A-962D-9887DEB4C9F5}
	EndGlobalSection
EndGlobal
